// !$*UTF8*$!
{
	archiveVersion = 1;
	classes = {
	};
	objectVersion = 46;
	objects = {

/* Begin PBXBuildFile section */
		00D47309220AC35FFF0BBB97 /* Pods_SocialNetworking.framework in Frameworks */ = {isa = PBXBuildFile; fileRef = 86725B07F3679928951D6117 /* Pods_SocialNetworking.framework */; };
		29259D1D1E9B8173002F3C9B /* formatText.swift in Sources */ = {isa = PBXBuildFile; fileRef = 29259D1C1E9B8173002F3C9B /* formatText.swift */; };
		29259D201E9B81CB002F3C9B /* Constants.swift in Sources */ = {isa = PBXBuildFile; fileRef = 29259D1F1E9B81CB002F3C9B /* Constants.swift */; };
		29259D221E9B83B3002F3C9B /* formatView.swift in Sources */ = {isa = PBXBuildFile; fileRef = 29259D211E9B83B3002F3C9B /* formatView.swift */; };
		29259D241E9B8460002F3C9B /* formatBtn.swift in Sources */ = {isa = PBXBuildFile; fileRef = 29259D231E9B8460002F3C9B /* formatBtn.swift */; };
		29259D261E9B85B3002F3C9B /* formatBtnRectangle.swift in Sources */ = {isa = PBXBuildFile; fileRef = 29259D251E9B85B3002F3C9B /* formatBtnRectangle.swift */; };
		29259D281E9CD4A3002F3C9B /* FeedVC.swift in Sources */ = {isa = PBXBuildFile; fileRef = 29259D271E9CD4A3002F3C9B /* FeedVC.swift */; };
		29259D2A1EA3F5E1002F3C9B /* formatImageView.swift in Sources */ = {isa = PBXBuildFile; fileRef = 29259D291EA3F5E1002F3C9B /* formatImageView.swift */; };
		29259D2C1EA423A1002F3C9B /* PostCell.swift in Sources */ = {isa = PBXBuildFile; fileRef = 29259D2B1EA423A1002F3C9B /* PostCell.swift */; };
		29259D2F1EA5E6AF002F3C9B /* DataServices.swift in Sources */ = {isa = PBXBuildFile; fileRef = 29259D2E1EA5E6AF002F3C9B /* DataServices.swift */; };
		29D851AE1E998BE60006618F /* AppDelegate.swift in Sources */ = {isa = PBXBuildFile; fileRef = 29D851AD1E998BE60006618F /* AppDelegate.swift */; };
		29D851B01E998BE60006618F /* MainVC.swift in Sources */ = {isa = PBXBuildFile; fileRef = 29D851AF1E998BE60006618F /* MainVC.swift */; };
		29D851B31E998BE60006618F /* Main.storyboard in Resources */ = {isa = PBXBuildFile; fileRef = 29D851B11E998BE60006618F /* Main.storyboard */; };
		29D851B51E998BE60006618F /* Assets.xcassets in Resources */ = {isa = PBXBuildFile; fileRef = 29D851B41E998BE60006618F /* Assets.xcassets */; };
		29D851B81E998BE60006618F /* LaunchScreen.storyboard in Resources */ = {isa = PBXBuildFile; fileRef = 29D851B61E998BE60006618F /* LaunchScreen.storyboard */; };
		29F1D2291E9B50AF00665D26 /* GoogleService-Info.plist in Resources */ = {isa = PBXBuildFile; fileRef = 29F1D2281E9B50AF00665D26 /* GoogleService-Info.plist */; };
/* End PBXBuildFile section */

/* Begin PBXFileReference section */
		1A6A71297AF3849C2A972D1B /* Pods-SocialNetworking.debug.xcconfig */ = {isa = PBXFileReference; includeInIndex = 1; lastKnownFileType = text.xcconfig; name = "Pods-SocialNetworking.debug.xcconfig"; path = "Pods/Target Support Files/Pods-SocialNetworking/Pods-SocialNetworking.debug.xcconfig"; sourceTree = "<group>"; };
		29259D1C1E9B8173002F3C9B /* formatText.swift */ = {isa = PBXFileReference; fileEncoding = 4; lastKnownFileType = sourcecode.swift; path = formatText.swift; sourceTree = "<group>"; };
		29259D1F1E9B81CB002F3C9B /* Constants.swift */ = {isa = PBXFileReference; fileEncoding = 4; lastKnownFileType = sourcecode.swift; path = Constants.swift; sourceTree = "<group>"; };
		29259D211E9B83B3002F3C9B /* formatView.swift */ = {isa = PBXFileReference; fileEncoding = 4; lastKnownFileType = sourcecode.swift; path = formatView.swift; sourceTree = "<group>"; };
		29259D231E9B8460002F3C9B /* formatBtn.swift */ = {isa = PBXFileReference; fileEncoding = 4; lastKnownFileType = sourcecode.swift; path = formatBtn.swift; sourceTree = "<group>"; };
		29259D251E9B85B3002F3C9B /* formatBtnRectangle.swift */ = {isa = PBXFileReference; fileEncoding = 4; lastKnownFileType = sourcecode.swift; path = formatBtnRectangle.swift; sourceTree = "<group>"; };
		29259D271E9CD4A3002F3C9B /* FeedVC.swift */ = {isa = PBXFileReference; fileEncoding = 4; lastKnownFileType = sourcecode.swift; path = FeedVC.swift; sourceTree = "<group>"; };
		29259D291EA3F5E1002F3C9B /* formatImageView.swift */ = {isa = PBXFileReference; fileEncoding = 4; lastKnownFileType = sourcecode.swift; path = formatImageView.swift; sourceTree = "<group>"; };
		29259D2B1EA423A1002F3C9B /* PostCell.swift */ = {isa = PBXFileReference; fileEncoding = 4; lastKnownFileType = sourcecode.swift; path = PostCell.swift; sourceTree = "<group>"; };
		29259D2E1EA5E6AF002F3C9B /* DataServices.swift */ = {isa = PBXFileReference; fileEncoding = 4; lastKnownFileType = sourcecode.swift; path = DataServices.swift; sourceTree = "<group>"; };
		29D851AA1E998BE60006618F /* SocialNetworking.app */ = {isa = PBXFileReference; explicitFileType = wrapper.application; includeInIndex = 0; path = SocialNetworking.app; sourceTree = BUILT_PRODUCTS_DIR; };
		29D851AD1E998BE60006618F /* AppDelegate.swift */ = {isa = PBXFileReference; lastKnownFileType = sourcecode.swift; path = AppDelegate.swift; sourceTree = "<group>"; };
		29D851AF1E998BE60006618F /* MainVC.swift */ = {isa = PBXFileReference; lastKnownFileType = sourcecode.swift; path = MainVC.swift; sourceTree = "<group>"; };
		29D851B21E998BE60006618F /* Base */ = {isa = PBXFileReference; lastKnownFileType = file.storyboard; name = Base; path = Base.lproj/Main.storyboard; sourceTree = "<group>"; };
		29D851B41E998BE60006618F /* Assets.xcassets */ = {isa = PBXFileReference; lastKnownFileType = folder.assetcatalog; path = Assets.xcassets; sourceTree = "<group>"; };
		29D851B71E998BE60006618F /* Base */ = {isa = PBXFileReference; lastKnownFileType = file.storyboard; name = Base; path = Base.lproj/LaunchScreen.storyboard; sourceTree = "<group>"; };
		29D851B91E998BE60006618F /* Info.plist */ = {isa = PBXFileReference; lastKnownFileType = text.plist.xml; path = Info.plist; sourceTree = "<group>"; };
		29F1D2281E9B50AF00665D26 /* GoogleService-Info.plist */ = {isa = PBXFileReference; fileEncoding = 4; lastKnownFileType = text.plist.xml; path = "GoogleService-Info.plist"; sourceTree = "<group>"; };
		4135816DFD8B9DD36F3CA1FB /* Pods-SocialNetworking.release.xcconfig */ = {isa = PBXFileReference; includeInIndex = 1; lastKnownFileType = text.xcconfig; name = "Pods-SocialNetworking.release.xcconfig"; path = "Pods/Target Support Files/Pods-SocialNetworking/Pods-SocialNetworking.release.xcconfig"; sourceTree = "<group>"; };
		86725B07F3679928951D6117 /* Pods_SocialNetworking.framework */ = {isa = PBXFileReference; explicitFileType = wrapper.framework; includeInIndex = 0; path = Pods_SocialNetworking.framework; sourceTree = BUILT_PRODUCTS_DIR; };
/* End PBXFileReference section */

/* Begin PBXFrameworksBuildPhase section */
		29D851A71E998BE60006618F /* Frameworks */ = {
			isa = PBXFrameworksBuildPhase;
			buildActionMask = 2147483647;
			files = (
				00D47309220AC35FFF0BBB97 /* Pods_SocialNetworking.framework in Frameworks */,
			);
			runOnlyForDeploymentPostprocessing = 0;
		};
/* End PBXFrameworksBuildPhase section */

/* Begin PBXGroup section */
		29259D1E1E9B81BA002F3C9B /* Util */ = {
			isa = PBXGroup;
			children = (
				29259D1F1E9B81CB002F3C9B /* Constants.swift */,
			);
			name = Util;
			sourceTree = "<group>";
		};
		29259D2D1EA5E69E002F3C9B /* Services */ = {
			isa = PBXGroup;
			children = (
				29259D2E1EA5E6AF002F3C9B /* DataServices.swift */,
			);
			name = Services;
			sourceTree = "<group>";
		};
		29D851A11E998BE60006618F = {
			isa = PBXGroup;
			children = (
				29259D2D1EA5E69E002F3C9B /* Services */,
				29D851AC1E998BE60006618F /* SocialNetworking */,
				29D851AB1E998BE60006618F /* Products */,
				C7397F1E581AD869B66D12D4 /* Pods */,
				3A53D5E33930B6CCED8C0AC4 /* Frameworks */,
			);
			sourceTree = "<group>";
		};
		29D851AB1E998BE60006618F /* Products */ = {
			isa = PBXGroup;
			children = (
				29D851AA1E998BE60006618F /* SocialNetworking.app */,
			);
			name = Products;
			sourceTree = "<group>";
		};
		29D851AC1E998BE60006618F /* SocialNetworking */ = {
			isa = PBXGroup;
			children = (
				29259D1E1E9B81BA002F3C9B /* Util */,
				29F1D22C1E9B572000665D26 /* Controller */,
				29F1D22B1E9B571B00665D26 /* View */,
				29F1D22A1E9B571600665D26 /* Model */,
				29F1D2281E9B50AF00665D26 /* GoogleService-Info.plist */,
				29D851AD1E998BE60006618F /* AppDelegate.swift */,
				29D851B11E998BE60006618F /* Main.storyboard */,
				29D851B41E998BE60006618F /* Assets.xcassets */,
				29D851B61E998BE60006618F /* LaunchScreen.storyboard */,
				29D851B91E998BE60006618F /* Info.plist */,
			);
			path = SocialNetworking;
			sourceTree = "<group>";
		};
		29F1D22A1E9B571600665D26 /* Model */ = {
			isa = PBXGroup;
			children = (
			);
			name = Model;
			sourceTree = "<group>";
		};
		29F1D22B1E9B571B00665D26 /* View */ = {
			isa = PBXGroup;
			children = (
				29259D1C1E9B8173002F3C9B /* formatText.swift */,
				29259D211E9B83B3002F3C9B /* formatView.swift */,
				29259D231E9B8460002F3C9B /* formatBtn.swift */,
				29259D251E9B85B3002F3C9B /* formatBtnRectangle.swift */,
				29259D291EA3F5E1002F3C9B /* formatImageView.swift */,
				29259D2B1EA423A1002F3C9B /* PostCell.swift */,
			);
			name = View;
			sourceTree = "<group>";
		};
		29F1D22C1E9B572000665D26 /* Controller */ = {
			isa = PBXGroup;
			children = (
				29259D271E9CD4A3002F3C9B /* FeedVC.swift */,
				29D851AF1E998BE60006618F /* MainVC.swift */,
			);
			name = Controller;
			sourceTree = "<group>";
		};
		3A53D5E33930B6CCED8C0AC4 /* Frameworks */ = {
			isa = PBXGroup;
			children = (
				86725B07F3679928951D6117 /* Pods_SocialNetworking.framework */,
			);
			name = Frameworks;
			sourceTree = "<group>";
		};
		C7397F1E581AD869B66D12D4 /* Pods */ = {
			isa = PBXGroup;
			children = (
				1A6A71297AF3849C2A972D1B /* Pods-SocialNetworking.debug.xcconfig */,
				4135816DFD8B9DD36F3CA1FB /* Pods-SocialNetworking.release.xcconfig */,
			);
			name = Pods;
			sourceTree = "<group>";
		};
/* End PBXGroup section */

/* Begin PBXNativeTarget section */
		29D851A91E998BE60006618F /* SocialNetworking */ = {
			isa = PBXNativeTarget;
			buildConfigurationList = 29D851BC1E998BE60006618F /* Build configuration list for PBXNativeTarget "SocialNetworking" */;
			buildPhases = (
				CD31EE33ACE364BB84D4C4E7 /* [CP] Check Pods Manifest.lock */,
				29D851A61E998BE60006618F /* Sources */,
				29D851A71E998BE60006618F /* Frameworks */,
				29D851A81E998BE60006618F /* Resources */,
				2D55E5A036935B1BD1BEA684 /* [CP] Embed Pods Frameworks */,
				1577A9B1C81A26E1E6BC1EF5 /* [CP] Copy Pods Resources */,
			);
			buildRules = (
			);
			dependencies = (
			);
			name = SocialNetworking;
			productName = SocialNetworking;
			productReference = 29D851AA1E998BE60006618F /* SocialNetworking.app */;
			productType = "com.apple.product-type.application";
		};
/* End PBXNativeTarget section */

/* Begin PBXProject section */
		29D851A21E998BE60006618F /* Project object */ = {
			isa = PBXProject;
			attributes = {
				LastSwiftUpdateCheck = 0820;
				LastUpgradeCheck = 0820;
				ORGANIZATIONNAME = Dilemma;
				TargetAttributes = {
					29D851A91E998BE60006618F = {
						CreatedOnToolsVersion = 8.2.1;
						ProvisioningStyle = Automatic;
					};
				};
			};
			buildConfigurationList = 29D851A51E998BE60006618F /* Build configuration list for PBXProject "SocialNetworking" */;
			compatibilityVersion = "Xcode 3.2";
			developmentRegion = English;
			hasScannedForEncodings = 0;
			knownRegions = (
				en,
				Base,
			);
			mainGroup = 29D851A11E998BE60006618F;
			productRefGroup = 29D851AB1E998BE60006618F /* Products */;
			projectDirPath = "";
			projectRoot = "";
			targets = (
				29D851A91E998BE60006618F /* SocialNetworking */,
			);
		};
/* End PBXProject section */

/* Begin PBXResourcesBuildPhase section */
		29D851A81E998BE60006618F /* Resources */ = {
			isa = PBXResourcesBuildPhase;
			buildActionMask = 2147483647;
			files = (
				29D851B81E998BE60006618F /* LaunchScreen.storyboard in Resources */,
				29F1D2291E9B50AF00665D26 /* GoogleService-Info.plist in Resources */,
				29D851B51E998BE60006618F /* Assets.xcassets in Resources */,
				29D851B31E998BE60006618F /* Main.storyboard in Resources */,
			);
			runOnlyForDeploymentPostprocessing = 0;
		};
/* End PBXResourcesBuildPhase section */

/* Begin PBXShellScriptBuildPhase section */
		1577A9B1C81A26E1E6BC1EF5 /* [CP] Copy Pods Resources */ = {
			isa = PBXShellScriptBuildPhase;
			buildActionMask = 2147483647;
			files = (
			);
			inputPaths = (
			);
			name = "[CP] Copy Pods Resources";
			outputPaths = (
			);
			runOnlyForDeploymentPostprocessing = 0;
			shellPath = /bin/sh;
			shellScript = "\"${SRCROOT}/Pods/Target Support Files/Pods-SocialNetworking/Pods-SocialNetworking-resources.sh\"\n";
			showEnvVarsInLog = 0;
		};
		2D55E5A036935B1BD1BEA684 /* [CP] Embed Pods Frameworks */ = {
			isa = PBXShellScriptBuildPhase;
			buildActionMask = 2147483647;
			files = (
			);
			inputPaths = (
			);
			name = "[CP] Embed Pods Frameworks";
			outputPaths = (
			);
			runOnlyForDeploymentPostprocessing = 0;
			shellPath = /bin/sh;
			shellScript = "\"${SRCROOT}/Pods/Target Support Files/Pods-SocialNetworking/Pods-SocialNetworking-frameworks.sh\"\n";
			showEnvVarsInLog = 0;
		};
		CD31EE33ACE364BB84D4C4E7 /* [CP] Check Pods Manifest.lock */ = {
			isa = PBXShellScriptBuildPhase;
			buildActionMask = 2147483647;
			files = (
			);
			inputPaths = (
			);
			name = "[CP] Check Pods Manifest.lock";
			outputPaths = (
			);
			runOnlyForDeploymentPostprocessing = 0;
			shellPath = /bin/sh;
			shellScript = "diff \"${PODS_ROOT}/../Podfile.lock\" \"${PODS_ROOT}/Manifest.lock\" > /dev/null\nif [ $? != 0 ] ; then\n    # print error to STDERR\n    echo \"error: The sandbox is not in sync with the Podfile.lock. Run 'pod install' or update your CocoaPods installation.\" >&2\n    exit 1\nfi\n";
			showEnvVarsInLog = 0;
		};
/* End PBXShellScriptBuildPhase section */

/* Begin PBXSourcesBuildPhase section */
		29D851A61E998BE60006618F /* Sources */ = {
			isa = PBXSourcesBuildPhase;
			buildActionMask = 2147483647;
			files = (
				29D851B01E998BE60006618F /* MainVC.swift in Sources */,
				29259D241E9B8460002F3C9B /* formatBtn.swift in Sources */,
				29259D1D1E9B8173002F3C9B /* formatText.swift in Sources */,
				29259D261E9B85B3002F3C9B /* formatBtnRectangle.swift in Sources */,
				29259D281E9CD4A3002F3C9B /* FeedVC.swift in Sources */,
				29259D2F1EA5E6AF002F3C9B /* DataServices.swift in Sources */,
				29259D221E9B83B3002F3C9B /* formatView.swift in Sources */,
				29D851AE1E998BE60006618F /* AppDelegate.swift in Sources */,
				29259D201E9B81CB002F3C9B /* Constants.swift in Sources */,
				29259D2A1EA3F5E1002F3C9B /* formatImageView.swift in Sources */,
				29259D2C1EA423A1002F3C9B /* PostCell.swift in Sources */,
			);
			runOnlyForDeploymentPostprocessing = 0;
		};
/* End PBXSourcesBuildPhase section */

/* Begin PBXVariantGroup section */
		29D851B11E998BE60006618F /* Main.storyboard */ = {
			isa = PBXVariantGroup;
			children = (
				29D851B21E998BE60006618F /* Base */,
			);
			name = Main.storyboard;
			sourceTree = "<group>";
		};
		29D851B61E998BE60006618F /* LaunchScreen.storyboard */ = {
			isa = PBXVariantGroup;
			children = (
				29D851B71E998BE60006618F /* Base */,
			);
			name = LaunchScreen.storyboard;
			sourceTree = "<group>";
		};
/* End PBXVariantGroup section */

/* Begin XCBuildConfiguration section */
		29D851BA1E998BE60006618F /* Debug */ = {
			isa = XCBuildConfiguration;
			buildSettings = {
				ALWAYS_SEARCH_USER_PATHS = NO;
				CLANG_ANALYZER_NONNULL = YES;
				CLANG_CXX_LANGUAGE_STANDARD = "gnu++0x";
				CLANG_CXX_LIBRARY = "libc++";
				CLANG_ENABLE_MODULES = YES;
				CLANG_ENABLE_OBJC_ARC = YES;
				CLANG_WARN_BOOL_CONVERSION = YES;
				CLANG_WARN_CONSTANT_CONVERSION = YES;
				CLANG_WARN_DIRECT_OBJC_ISA_USAGE = YES_ERROR;
				CLANG_WARN_DOCUMENTATION_COMMENTS = YES;
				CLANG_WARN_EMPTY_BODY = YES;
				CLANG_WARN_ENUM_CONVERSION = YES;
				CLANG_WARN_INFINITE_RECURSION = YES;
				CLANG_WARN_INT_CONVERSION = YES;
				CLANG_WARN_OBJC_ROOT_CLASS = YES_ERROR;
				CLANG_WARN_SUSPICIOUS_MOVE = YES;
				CLANG_WARN_UNREACHABLE_CODE = YES;
				CLANG_WARN__DUPLICATE_METHOD_MATCH = YES;
				"CODE_SIGN_IDENTITY[sdk=iphoneos*]" = "iPhone Developer";
				COPY_PHASE_STRIP = NO;
				DEBUG_INFORMATION_FORMAT = dwarf;
				ENABLE_STRICT_OBJC_MSGSEND = YES;
				ENABLE_TESTABILITY = YES;
				GCC_C_LANGUAGE_STANDARD = gnu99;
				GCC_DYNAMIC_NO_PIC = NO;
				GCC_NO_COMMON_BLOCKS = YES;
				GCC_OPTIMIZATION_LEVEL = 0;
				GCC_PREPROCESSOR_DEFINITIONS = (
					"DEBUG=1",
					"$(inherited)",
				);
				GCC_WARN_64_TO_32_BIT_CONVERSION = YES;
				GCC_WARN_ABOUT_RETURN_TYPE = YES_ERROR;
				GCC_WARN_UNDECLARED_SELECTOR = YES;
				GCC_WARN_UNINITIALIZED_AUTOS = YES_AGGRESSIVE;
				GCC_WARN_UNUSED_FUNCTION = YES;
				GCC_WARN_UNUSED_VARIABLE = YES;
				IPHONEOS_DEPLOYMENT_TARGET = 10.2;
				MTL_ENABLE_DEBUG_INFO = YES;
				ONLY_ACTIVE_ARCH = YES;
				SDKROOT = iphoneos;
				SWIFT_ACTIVE_COMPILATION_CONDITIONS = DEBUG;
				SWIFT_OPTIMIZATION_LEVEL = "-Onone";
			};
			name = Debug;
		};
		29D851BB1E998BE60006618F /* Release */ = {
			isa = XCBuildConfiguration;
			buildSettings = {
				ALWAYS_SEARCH_USER_PATHS = NO;
				CLANG_ANALYZER_NONNULL = YES;
				CLANG_CXX_LANGUAGE_STANDARD = "gnu++0x";
				CLANG_CXX_LIBRARY = "libc++";
				CLANG_ENABLE_MODULES = YES;
				CLANG_ENABLE_OBJC_ARC = YES;
				CLANG_WARN_BOOL_CONVERSION = YES;
				CLANG_WARN_CONSTANT_CONVERSION = YES;
				CLANG_WARN_DIRECT_OBJC_ISA_USAGE = YES_ERROR;
				CLANG_WARN_DOCUMENTATION_COMMENTS = YES;
				CLANG_WARN_EMPTY_BODY = YES;
				CLANG_WARN_ENUM_CONVERSION = YES;
				CLANG_WARN_INFINITE_RECURSION = YES;
				CLANG_WARN_INT_CONVERSION = YES;
				CLANG_WARN_OBJC_ROOT_CLASS = YES_ERROR;
				CLANG_WARN_SUSPICIOUS_MOVE = YES;
				CLANG_WARN_UNREACHABLE_CODE = YES;
				CLANG_WARN__DUPLICATE_METHOD_MATCH = YES;
				"CODE_SIGN_IDENTITY[sdk=iphoneos*]" = "iPhone Developer";
				COPY_PHASE_STRIP = NO;
				DEBUG_INFORMATION_FORMAT = "dwarf-with-dsym";
				ENABLE_NS_ASSERTIONS = NO;
				ENABLE_STRICT_OBJC_MSGSEND = YES;
				GCC_C_LANGUAGE_STANDARD = gnu99;
				GCC_NO_COMMON_BLOCKS = YES;
				GCC_WARN_64_TO_32_BIT_CONVERSION = YES;
				GCC_WARN_ABOUT_RETURN_TYPE = YES_ERROR;
				GCC_WARN_UNDECLARED_SELECTOR = YES;
				GCC_WARN_UNINITIALIZED_AUTOS = YES_AGGRESSIVE;
				GCC_WARN_UNUSED_FUNCTION = YES;
				GCC_WARN_UNUSED_VARIABLE = YES;
				IPHONEOS_DEPLOYMENT_TARGET = 10.2;
				MTL_ENABLE_DEBUG_INFO = NO;
				SDKROOT = iphoneos;
				SWIFT_OPTIMIZATION_LEVEL = "-Owholemodule";
				VALIDATE_PRODUCT = YES;
			};
			name = Release;
		};
		29D851BD1E998BE60006618F /* Debug */ = {
			isa = XCBuildConfiguration;
			baseConfigurationReference = 1A6A71297AF3849C2A972D1B /* Pods-SocialNetworking.debug.xcconfig */;
			buildSettings = {
				ASSETCATALOG_COMPILER_APPICON_NAME = AppIcon;
				INFOPLIST_FILE = SocialNetworking/Info.plist;
				LD_RUNPATH_SEARCH_PATHS = "$(inherited) @executable_path/Frameworks";
				PRODUCT_BUNDLE_IDENTIFIER = Dilemma.app.SocialNetworking;
				PRODUCT_NAME = "$(TARGET_NAME)";
				SWIFT_VERSION = 3.0;
			};
			name = Debug;
		};
		29D851BE1E998BE60006618F /* Release */ = {
			isa = XCBuildConfiguration;
			baseConfigurationReference = 4135816DFD8B9DD36F3CA1FB /* Pods-SocialNetworking.release.xcconfig */;
			buildSettings = {
				ASSETCATALOG_COMPILER_APPICON_NAME = AppIcon;
				INFOPLIST_FILE = SocialNetworking/Info.plist;
				LD_RUNPATH_SEARCH_PATHS = "$(inherited) @executable_path/Frameworks";
				PRODUCT_BUNDLE_IDENTIFIER = Dilemma.app.SocialNetworking;
				PRODUCT_NAME = "$(TARGET_NAME)";
				SWIFT_VERSION = 3.0;
			};
			name = Release;
		};
/* End XCBuildConfiguration section */

/* Begin XCConfigurationList section */
		29D851A51E998BE60006618F /* Build configuration list for PBXProject "SocialNetworking" */ = {
			isa = XCConfigurationList;
			buildConfigurations = (
				29D851BA1E998BE60006618F /* Debug */,
				29D851BB1E998BE60006618F /* Release */,
			);
			defaultConfigurationIsVisible = 0;
			defaultConfigurationName = Release;
		};
		29D851BC1E998BE60006618F /* Build configuration list for PBXNativeTarget "SocialNetworking" */ = {
			isa = XCConfigurationList;
			buildConfigurations = (
				29D851BD1E998BE60006618F /* Debug */,
				29D851BE1E998BE60006618F /* Release */,
			);
			defaultConfigurationIsVisible = 0;
			defaultConfigurationName = Release;
		};
/* End XCConfigurationList section */
	};
	rootObject = 29D851A21E998BE60006618F /* Project object */;
}
